
Microsoft Visual Studio Solution File, Format Version 12.00
# Visual Studio Version 17
VisualStudioVersion = 17.5.33530.505
MinimumVisualStudioVersion = 10.0.40219.1
Project("{FAE04EC0-301F-11D3-BF4B-00C04F79EFBC}") = "PhotosApi", "PhotosApi\PhotosApi.csproj", "{6EEBDAC2-EA67-4EC5-B80D-C27CF162009C}"
EndProject
Global
	GlobalSection(SolutionConfigurationPlatforms) = preSolution
		Debug|Any CPU = Debug|Any CPU
		Release|Any CPU = Release|Any CPU
	EndGlobalSection
	GlobalSection(ProjectConfigurationPlatforms) = postSolution
		{6EEBDAC2-EA67-4EC5-B80D-C27CF162009C}.Debug|Any CPU.ActiveCfg = Debug|Any CPU
		{6EEBDAC2-EA67-4EC5-B80D-C27CF162009C}.Debug|Any CPU.Build.0 = Debug|Any CPU
		{6EEBDAC2-EA67-4EC5-B80D-C27CF162009C}.Release|Any CPU.ActiveCfg = Release|Any CPU
		{6EEBDAC2-EA67-4EC5-B80D-C27CF162009C}.Release|Any CPU.Build.0 = Release|Any CPU
	EndGlobalSection
	GlobalSection(SolutionProperties) = preSolution
		HideSolutionNode = FALSE
	EndGlobalSection
	GlobalSection(ExtensibilityGlobals) = postSolution
		SolutionGuid = {196E72A6-4428-4EC0-94B7-2B7EE95BB9DA}
	EndGlobalSection
EndGlobal
